
Microsoft Visual Studio Solution File, Format Version 12.00
# Visual Studio 15
VisualStudioVersion = 15.0.28010.2046
MinimumVisualStudioVersion = 10.0.40219.1
Project("{FAE04EC0-301F-11D3-BF4B-00C04F79EFBC}") = "CSTax", "CSTax\CSTax.csproj", "{FF1343D8-BFF4-4A00-907A-5C28B6223AF6}"
EndProject
Global
	GlobalSection(SolutionConfigurationPlatforms) = preSolution
		Debug|Any CPU = Debug|Any CPU
		Release|Any CPU = Release|Any CPU
	EndGlobalSection
	GlobalSection(ProjectConfigurationPlatforms) = postSolution
		{FF1343D8-BFF4-4A00-907A-5C28B6223AF6}.Debug|Any CPU.ActiveCfg = Debug|Any CPU
		{FF1343D8-BFF4-4A00-907A-5C28B6223AF6}.Debug|Any CPU.Build.0 = Debug|Any CPU
		{FF1343D8-BFF4-4A00-907A-5C28B6223AF6}.Release|Any CPU.ActiveCfg = Release|Any CPU
		{FF1343D8-BFF4-4A00-907A-5C28B6223AF6}.Release|Any CPU.Build.0 = Release|Any CPU
	EndGlobalSection
	GlobalSection(SolutionProperties) = preSolution
		HideSolutionNode = FALSE
	EndGlobalSection
	GlobalSection(ExtensibilityGlobals) = postSolution
		SolutionGuid = {B331059F-56F8-420D-BEB0-A27642D028A4}
	EndGlobalSection
EndGlobal
