
Microsoft Visual Studio Solution File, Format Version 12.00
# Visual Studio 15
VisualStudioVersion = 15.0.28010.2046
MinimumVisualStudioVersion = 10.0.40219.1
Project("{FAE04EC0-301F-11D3-BF4B-00C04F79EFBC}") = "CS_Tax", "CS_Tax\CS_Tax.csproj", "{D8B9C73F-CAD6-4DB9-B1C6-A1A71AD2335E}"
EndProject
Global
	GlobalSection(SolutionConfigurationPlatforms) = preSolution
		Debug|Any CPU = Debug|Any CPU
		Release|Any CPU = Release|Any CPU
	EndGlobalSection
	GlobalSection(ProjectConfigurationPlatforms) = postSolution
		{D8B9C73F-CAD6-4DB9-B1C6-A1A71AD2335E}.Debug|Any CPU.ActiveCfg = Debug|Any CPU
		{D8B9C73F-CAD6-4DB9-B1C6-A1A71AD2335E}.Debug|Any CPU.Build.0 = Debug|Any CPU
		{D8B9C73F-CAD6-4DB9-B1C6-A1A71AD2335E}.Release|Any CPU.ActiveCfg = Release|Any CPU
		{D8B9C73F-CAD6-4DB9-B1C6-A1A71AD2335E}.Release|Any CPU.Build.0 = Release|Any CPU
	EndGlobalSection
	GlobalSection(SolutionProperties) = preSolution
		HideSolutionNode = FALSE
	EndGlobalSection
	GlobalSection(ExtensibilityGlobals) = postSolution
		SolutionGuid = {2EB26DE2-5D70-4212-9D0F-F7717516A179}
	EndGlobalSection
EndGlobal
